
Microsoft Visual Studio Solution File, Format Version 12.00
# Visual Studio Version 16
VisualStudioVersion = 16.0.31729.503
MinimumVisualStudioVersion = 10.0.40219.1
Project("{2150E333-8FDC-42A3-9474-1A3956D46DE8}") = "Python", "Python", "{E83BC62E-CCF3-49E4-B6B2-D5EDCE519370}"
EndProject
Project("{888888A0-9F3D-457C-B088-3A5042F75D52}") = "V1PyCore", "Freeform.Python\V1PyCore\V1PyCore.pyproj", "{03600953-2C6A-4FF7-9656-1C17DDC464C5}"
EndProject
Project("{888888A0-9F3D-457C-B088-3A5042F75D52}") = "FreeformRigging", "Freeform.Python\FreeformRigging\FreeformRigging.pyproj", "{AB10F252-39A2-45E1-A7D7-611755678E96}"
EndProject
Project("{888888A0-9F3D-457C-B088-3A5042F75D52}") = "DCCUtilities", "Freeform.Python\DCCUtilities\DCCUtilities.pyproj", "{D8F93D26-E1CF-4768-951C-312840942A1A}"
EndProject
Project("{FAE04EC0-301F-11D3-BF4B-00C04F79EFBC}") = "Freeform.Rigging", "Freeform.Rigging\Freeform.Rigging.csproj", "{EADC8DB3-E23C-41AC-BAE1-725F2C53DCAA}"
EndProject
Project("{FAE04EC0-301F-11D3-BF4B-00C04F79EFBC}") = "Freeform.Core", "Freeform.Core\Freeform.Core.csproj", "{41CB8432-C878-4A75-8101-5674EC92572C}"
EndProject
Project("{FAE04EC0-301F-11D3-BF4B-00C04F79EFBC}") = "HelixResources", "HelixResources\HelixResources.csproj", "{271A79B9-2CA6-4869-8E52-8BA1DBCEBF01}"
EndProject
Project("{FAE04EC0-301F-11D3-BF4B-00C04F79EFBC}") = "Freeform.Installer", "Freeform.Installer\Freeform.Installer.csproj", "{3DD4523A-0992-43F3-B4D9-581CB12D30BB}"
EndProject

Global
	GlobalSection(SolutionConfigurationPlatforms) = preSolution
		Debug|Any CPU = Debug|Any CPU
		Debug|x64 = Debug|x64
		Release|Any CPU = Release|Any CPU
		Release|x64 = Release|x64
	EndGlobalSection
	GlobalSection(ProjectConfigurationPlatforms) = postSolution
		{03600953-2C6A-4FF7-9656-1C17DDC464C5}.Debug|Any CPU.ActiveCfg = Debug|Any CPU
		{03600953-2C6A-4FF7-9656-1C17DDC464C5}.Debug|x64.ActiveCfg = Debug|Any CPU
		{03600953-2C6A-4FF7-9656-1C17DDC464C5}.Release|Any CPU.ActiveCfg = Release|Any CPU
		{03600953-2C6A-4FF7-9656-1C17DDC464C5}.Release|x64.ActiveCfg = Release|Any CPU
		{AB10F252-39A2-45E1-A7D7-611755678E96}.Debug|Any CPU.ActiveCfg = Debug|Any CPU
		{AB10F252-39A2-45E1-A7D7-611755678E96}.Debug|x64.ActiveCfg = Debug|Any CPU
		{AB10F252-39A2-45E1-A7D7-611755678E96}.Release|Any CPU.ActiveCfg = Release|Any CPU
		{AB10F252-39A2-45E1-A7D7-611755678E96}.Release|x64.ActiveCfg = Release|Any CPU
		{D8F93D26-E1CF-4768-951C-312840942A1A}.Debug|Any CPU.ActiveCfg = Debug|Any CPU
		{D8F93D26-E1CF-4768-951C-312840942A1A}.Debug|x64.ActiveCfg = Debug|Any CPU
		{D8F93D26-E1CF-4768-951C-312840942A1A}.Release|Any CPU.ActiveCfg = Release|Any CPU
		{D8F93D26-E1CF-4768-951C-312840942A1A}.Release|x64.ActiveCfg = Release|Any CPU
		{EADC8DB3-E23C-41AC-BAE1-725F2C53DCAA}.Debug|Any CPU.ActiveCfg = Debug|Any CPU
		{EADC8DB3-E23C-41AC-BAE1-725F2C53DCAA}.Debug|Any CPU.Build.0 = Debug|Any CPU
		{EADC8DB3-E23C-41AC-BAE1-725F2C53DCAA}.Debug|x64.ActiveCfg = Debug|x64
		{EADC8DB3-E23C-41AC-BAE1-725F2C53DCAA}.Debug|x64.Build.0 = Debug|x64
		{EADC8DB3-E23C-41AC-BAE1-725F2C53DCAA}.Release|Any CPU.ActiveCfg = Release|Any CPU
		{EADC8DB3-E23C-41AC-BAE1-725F2C53DCAA}.Release|Any CPU.Build.0 = Release|Any CPU
		{EADC8DB3-E23C-41AC-BAE1-725F2C53DCAA}.Release|x64.ActiveCfg = Release|x64
		{EADC8DB3-E23C-41AC-BAE1-725F2C53DCAA}.Release|x64.Build.0 = Release|x64
		{41CB8432-C878-4A75-8101-5674EC92572C}.Debug|Any CPU.ActiveCfg = Debug|Any CPU
		{41CB8432-C878-4A75-8101-5674EC92572C}.Debug|Any CPU.Build.0 = Debug|Any CPU
		{41CB8432-C878-4A75-8101-5674EC92572C}.Debug|x64.ActiveCfg = Debug|x64
		{41CB8432-C878-4A75-8101-5674EC92572C}.Debug|x64.Build.0 = Debug|x64
		{41CB8432-C878-4A75-8101-5674EC92572C}.Release|Any CPU.ActiveCfg = Release|x64
		{41CB8432-C878-4A75-8101-5674EC92572C}.Release|x64.ActiveCfg = Release|x64
		{41CB8432-C878-4A75-8101-5674EC92572C}.Release|x64.Build.0 = Release|x64
		{271A79B9-2CA6-4869-8E52-8BA1DBCEBF01}.Debug|Any CPU.ActiveCfg = Debug|Any CPU
		{271A79B9-2CA6-4869-8E52-8BA1DBCEBF01}.Debug|Any CPU.Build.0 = Debug|Any CPU
		{271A79B9-2CA6-4869-8E52-8BA1DBCEBF01}.Debug|x64.ActiveCfg = Debug|x64
		{271A79B9-2CA6-4869-8E52-8BA1DBCEBF01}.Debug|x64.Build.0 = Debug|x64
		{271A79B9-2CA6-4869-8E52-8BA1DBCEBF01}.Release|Any CPU.ActiveCfg = Release|Any CPU
		{271A79B9-2CA6-4869-8E52-8BA1DBCEBF01}.Release|Any CPU.Build.0 = Release|Any CPU
		{271A79B9-2CA6-4869-8E52-8BA1DBCEBF01}.Release|x64.ActiveCfg = Release|x64
		{271A79B9-2CA6-4869-8E52-8BA1DBCEBF01}.Release|x64.Build.0 = Release|x64
		{3DD4523A-0992-43F3-B4D9-581CB12D30BB}.Debug|Any CPU.ActiveCfg = Debug|Any CPU
		{3DD4523A-0992-43F3-B4D9-581CB12D30BB}.Debug|Any CPU.Build.0 = Debug|Any CPU
		{3DD4523A-0992-43F3-B4D9-581CB12D30BB}.Debug|x64.ActiveCfg = Debug|Any CPU
		{3DD4523A-0992-43F3-B4D9-581CB12D30BB}.Debug|x64.Build.0 = Debug|Any CPU
		{3DD4523A-0992-43F3-B4D9-581CB12D30BB}.Release|Any CPU.ActiveCfg = Release|Any CPU
		{3DD4523A-0992-43F3-B4D9-581CB12D30BB}.Release|Any CPU.Build.0 = Release|Any CPU
		{3DD4523A-0992-43F3-B4D9-581CB12D30BB}.Release|x64.ActiveCfg = Release|Any CPU
		{3DD4523A-0992-43F3-B4D9-581CB12D30BB}.Release|x64.Build.0 = Release|Any CPU

	EndGlobalSection
	GlobalSection(SolutionProperties) = preSolution
		HideSolutionNode = FALSE
	EndGlobalSection
	GlobalSection(NestedProjects) = preSolution
		{03600953-2C6A-4FF7-9656-1C17DDC464C5} = {E83BC62E-CCF3-49E4-B6B2-D5EDCE519370}
		{AB10F252-39A2-45E1-A7D7-611755678E96} = {E83BC62E-CCF3-49E4-B6B2-D5EDCE519370}
		{D8F93D26-E1CF-4768-951C-312840942A1A} = {E83BC62E-CCF3-49E4-B6B2-D5EDCE519370}
	EndGlobalSection
	GlobalSection(ExtensibilityGlobals) = postSolution
		SolutionGuid = {76809EA7-D922-43B7-8103-B56E1F36C3C5}
	EndGlobalSection
EndGlobal
